
Microsoft Visual Studio Solution File, Format Version 12.00
# Visual Studio 14
VisualStudioVersion = 14.0.25420.1
MinimumVisualStudioVersion = 10.0.40219.1
Project("{2150E333-8FDC-42A3-9474-1A3956D46DE8}") = "1-Presentation", "1-Presentation", "{949E345B-CBE2-4A1F-BBDB-79089B1416DB}"
EndProject
Project("{2150E333-8FDC-42A3-9474-1A3956D46DE8}") = "2-Business", "2-Business", "{3A111939-284F-4600-A946-15BCDB48C359}"
EndProject
Project("{2150E333-8FDC-42A3-9474-1A3956D46DE8}") = "3-DataAccess", "3-DataAccess", "{F2DB4EC0-34CB-4ED7-80D1-7FAF90715552}"
EndProject
Project("{2150E333-8FDC-42A3-9474-1A3956D46DE8}") = "5-Common", "5-Common", "{93297B79-7A16-4EB2-9D8E-101D835D4731}"
EndProject
Project("{2150E333-8FDC-42A3-9474-1A3956D46DE8}") = "4-Domain", "4-Domain", "{CCD6DF4A-9E1B-4F19-BC67-E148CAACC765}"
EndProject
Project("{FAE04EC0-301F-11D3-BF4B-00C04F79EFBC}") = "IP-NTier.Domain", "IP-NTier.Domain\IP-NTier.Domain.csproj", "{87EC3656-4981-449B-A7F1-B3F6F0463521}"
EndProject
Project("{FAE04EC0-301F-11D3-BF4B-00C04F79EFBC}") = "IP-NTier.DataAccess.EF", "IP-NTier.DataAccess.EF\IP-NTier.DataAccess.EF.csproj", "{19D2C319-F3AB-4D2C-AB8D-9C573BEE1477}"
EndProject
Project("{FAE04EC0-301F-11D3-BF4B-00C04F79EFBC}") = "IP-NTier.Common.DataAccess.EF", "IP-NTier.Common.DataAccess.EF\IP-NTier.Common.DataAccess.EF.csproj", "{9F16483C-3CF1-4EFF-A384-727D95A5C5BC}"
EndProject
Project("{FAE04EC0-301F-11D3-BF4B-00C04F79EFBC}") = "IP-NTier.Common.Core", "IP-NTier.Common.Core\IP-NTier.Common.Core.csproj", "{786A8514-18FF-4814-9C65-5CD52B7C98A8}"
EndProject
Project("{FAE04EC0-301F-11D3-BF4B-00C04F79EFBC}") = "IP-NTier.Business.DomainServices", "IP-NTier.Business.DomainServices\IP-NTier.Business.DomainServices.csproj", "{9694EF6C-7A51-4512-BEA2-90A78A4DC61C}"
EndProject
Project("{FAE04EC0-301F-11D3-BF4B-00C04F79EFBC}") = "IP-NTier.Common.IoC", "IP-NTier.Common.IoC\IP-NTier.Common.IoC.csproj", "{B9349951-EEC1-4438-BAFC-F4B7E4607FF9}"
EndProject
Project("{FAE04EC0-301F-11D3-BF4B-00C04F79EFBC}") = "IP-NTier.Common.Presentation.MVC", "IP-NTier.Common.Presentation.MVC\IP-NTier.Common.Presentation.MVC.csproj", "{ED4E5AEF-4D52-4E5F-B9F8-AA92A33F6B90}"
EndProject
Project("{FAE04EC0-301F-11D3-BF4B-00C04F79EFBC}") = "IP-NTier.Common.Presentation.API", "IP-NTier.Common.Presentation.API\IP-NTier.Common.Presentation.API.csproj", "{1DF6324F-9EDB-4962-AC39-A6F4F7218DAB}"
EndProject
Project("{FAE04EC0-301F-11D3-BF4B-00C04F79EFBC}") = "IP-NTier.Presentation.MVC", "IP-NTier.Presentation.MVC\IP-NTier.Presentation.MVC.csproj", "{00672808-F8C7-4282-999A-2D9008D5C3B6}"
EndProject
Project("{FAE04EC0-301F-11D3-BF4B-00C04F79EFBC}") = "IP-NTier.Presentation.API", "IP-NTier.Presentation.API\IP-NTier.Presentation.API.csproj", "{1B039D3A-C3EB-4241-ADE0-1E5E89FF38A9}"
EndProject
Project("{FAE04EC0-301F-11D3-BF4B-00C04F79EFBC}") = "IP-NTier.DataAccess.EF.Identity", "IP-NTier.DataAccess.EF.Identity\IP-NTier.DataAccess.EF.Identity.csproj", "{D460FFB3-F3E2-44F0-A4FB-78B3C0F6BC92}"
EndProject
Project("{FAE04EC0-301F-11D3-BF4B-00C04F79EFBC}") = "IP-NTier.Common.Owin", "IP-NTier.Common.Owin\IP-NTier.Common.Owin.csproj", "{0B5127B5-0A15-4220-B75F-641A93968363}"
EndProject
Project("{FAE04EC0-301F-11D3-BF4B-00C04F79EFBC}") = "IP-NTier.Common.DomainServices", "IP-NTier.Common.DomainServices\IP-NTier.Common.DomainServices.csproj", "{3DC4C845-3872-43C6-A3AE-5ACE8A423B8D}"
EndProject
Project("{FAE04EC0-301F-11D3-BF4B-00C04F79EFBC}") = "IP-NTier.Common.InitializeDatabase", "IP-NTier.Common.InitializeDatabase\IP-NTier.Common.InitializeDatabase.csproj", "{DD972064-9A1F-4789-B7A5-902C00ED5CBB}"
EndProject
Project("{2150E333-8FDC-42A3-9474-1A3956D46DE8}") = "0-Doc", "0-Doc", "{9B8675CB-3991-4F37-BA33-5AAF28D92FAA}"
EndProject
Global
	GlobalSection(SolutionConfigurationPlatforms) = preSolution
		Debug|Any CPU = Debug|Any CPU
		Release|Any CPU = Release|Any CPU
	EndGlobalSection
	GlobalSection(ProjectConfigurationPlatforms) = postSolution
		{87EC3656-4981-449B-A7F1-B3F6F0463521}.Debug|Any CPU.ActiveCfg = Debug|Any CPU
		{87EC3656-4981-449B-A7F1-B3F6F0463521}.Debug|Any CPU.Build.0 = Debug|Any CPU
		{87EC3656-4981-449B-A7F1-B3F6F0463521}.Release|Any CPU.ActiveCfg = Release|Any CPU
		{87EC3656-4981-449B-A7F1-B3F6F0463521}.Release|Any CPU.Build.0 = Release|Any CPU
		{19D2C319-F3AB-4D2C-AB8D-9C573BEE1477}.Debug|Any CPU.ActiveCfg = Debug|Any CPU
		{19D2C319-F3AB-4D2C-AB8D-9C573BEE1477}.Debug|Any CPU.Build.0 = Debug|Any CPU
		{19D2C319-F3AB-4D2C-AB8D-9C573BEE1477}.Release|Any CPU.ActiveCfg = Release|Any CPU
		{19D2C319-F3AB-4D2C-AB8D-9C573BEE1477}.Release|Any CPU.Build.0 = Release|Any CPU
		{9F16483C-3CF1-4EFF-A384-727D95A5C5BC}.Debug|Any CPU.ActiveCfg = Debug|Any CPU
		{9F16483C-3CF1-4EFF-A384-727D95A5C5BC}.Debug|Any CPU.Build.0 = Debug|Any CPU
		{9F16483C-3CF1-4EFF-A384-727D95A5C5BC}.Release|Any CPU.ActiveCfg = Release|Any CPU
		{9F16483C-3CF1-4EFF-A384-727D95A5C5BC}.Release|Any CPU.Build.0 = Release|Any CPU
		{786A8514-18FF-4814-9C65-5CD52B7C98A8}.Debug|Any CPU.ActiveCfg = Debug|Any CPU
		{786A8514-18FF-4814-9C65-5CD52B7C98A8}.Debug|Any CPU.Build.0 = Debug|Any CPU
		{786A8514-18FF-4814-9C65-5CD52B7C98A8}.Release|Any CPU.ActiveCfg = Release|Any CPU
		{786A8514-18FF-4814-9C65-5CD52B7C98A8}.Release|Any CPU.Build.0 = Release|Any CPU
		{9694EF6C-7A51-4512-BEA2-90A78A4DC61C}.Debug|Any CPU.ActiveCfg = Debug|Any CPU
		{9694EF6C-7A51-4512-BEA2-90A78A4DC61C}.Debug|Any CPU.Build.0 = Debug|Any CPU
		{9694EF6C-7A51-4512-BEA2-90A78A4DC61C}.Release|Any CPU.ActiveCfg = Release|Any CPU
		{9694EF6C-7A51-4512-BEA2-90A78A4DC61C}.Release|Any CPU.Build.0 = Release|Any CPU
		{B9349951-EEC1-4438-BAFC-F4B7E4607FF9}.Debug|Any CPU.ActiveCfg = Debug|Any CPU
		{B9349951-EEC1-4438-BAFC-F4B7E4607FF9}.Debug|Any CPU.Build.0 = Debug|Any CPU
		{B9349951-EEC1-4438-BAFC-F4B7E4607FF9}.Release|Any CPU.ActiveCfg = Release|Any CPU
		{B9349951-EEC1-4438-BAFC-F4B7E4607FF9}.Release|Any CPU.Build.0 = Release|Any CPU
		{ED4E5AEF-4D52-4E5F-B9F8-AA92A33F6B90}.Debug|Any CPU.ActiveCfg = Debug|Any CPU
		{ED4E5AEF-4D52-4E5F-B9F8-AA92A33F6B90}.Debug|Any CPU.Build.0 = Debug|Any CPU
		{ED4E5AEF-4D52-4E5F-B9F8-AA92A33F6B90}.Release|Any CPU.ActiveCfg = Release|Any CPU
		{ED4E5AEF-4D52-4E5F-B9F8-AA92A33F6B90}.Release|Any CPU.Build.0 = Release|Any CPU
		{1DF6324F-9EDB-4962-AC39-A6F4F7218DAB}.Debug|Any CPU.ActiveCfg = Debug|Any CPU
		{1DF6324F-9EDB-4962-AC39-A6F4F7218DAB}.Debug|Any CPU.Build.0 = Debug|Any CPU
		{1DF6324F-9EDB-4962-AC39-A6F4F7218DAB}.Release|Any CPU.ActiveCfg = Release|Any CPU
		{1DF6324F-9EDB-4962-AC39-A6F4F7218DAB}.Release|Any CPU.Build.0 = Release|Any CPU
		{00672808-F8C7-4282-999A-2D9008D5C3B6}.Debug|Any CPU.ActiveCfg = Debug|Any CPU
		{00672808-F8C7-4282-999A-2D9008D5C3B6}.Debug|Any CPU.Build.0 = Debug|Any CPU
		{00672808-F8C7-4282-999A-2D9008D5C3B6}.Release|Any CPU.ActiveCfg = Release|Any CPU
		{00672808-F8C7-4282-999A-2D9008D5C3B6}.Release|Any CPU.Build.0 = Release|Any CPU
		{1B039D3A-C3EB-4241-ADE0-1E5E89FF38A9}.Debug|Any CPU.ActiveCfg = Debug|Any CPU
		{1B039D3A-C3EB-4241-ADE0-1E5E89FF38A9}.Debug|Any CPU.Build.0 = Debug|Any CPU
		{1B039D3A-C3EB-4241-ADE0-1E5E89FF38A9}.Release|Any CPU.ActiveCfg = Release|Any CPU
		{1B039D3A-C3EB-4241-ADE0-1E5E89FF38A9}.Release|Any CPU.Build.0 = Release|Any CPU
		{D460FFB3-F3E2-44F0-A4FB-78B3C0F6BC92}.Debug|Any CPU.ActiveCfg = Debug|Any CPU
		{D460FFB3-F3E2-44F0-A4FB-78B3C0F6BC92}.Debug|Any CPU.Build.0 = Debug|Any CPU
		{D460FFB3-F3E2-44F0-A4FB-78B3C0F6BC92}.Release|Any CPU.ActiveCfg = Release|Any CPU
		{D460FFB3-F3E2-44F0-A4FB-78B3C0F6BC92}.Release|Any CPU.Build.0 = Release|Any CPU
		{0B5127B5-0A15-4220-B75F-641A93968363}.Debug|Any CPU.ActiveCfg = Debug|Any CPU
		{0B5127B5-0A15-4220-B75F-641A93968363}.Debug|Any CPU.Build.0 = Debug|Any CPU
		{0B5127B5-0A15-4220-B75F-641A93968363}.Release|Any CPU.ActiveCfg = Release|Any CPU
		{0B5127B5-0A15-4220-B75F-641A93968363}.Release|Any CPU.Build.0 = Release|Any CPU
		{3DC4C845-3872-43C6-A3AE-5ACE8A423B8D}.Debug|Any CPU.ActiveCfg = Debug|Any CPU
		{3DC4C845-3872-43C6-A3AE-5ACE8A423B8D}.Debug|Any CPU.Build.0 = Debug|Any CPU
		{3DC4C845-3872-43C6-A3AE-5ACE8A423B8D}.Release|Any CPU.ActiveCfg = Release|Any CPU
		{3DC4C845-3872-43C6-A3AE-5ACE8A423B8D}.Release|Any CPU.Build.0 = Release|Any CPU
		{DD972064-9A1F-4789-B7A5-902C00ED5CBB}.Debug|Any CPU.ActiveCfg = Debug|Any CPU
		{DD972064-9A1F-4789-B7A5-902C00ED5CBB}.Debug|Any CPU.Build.0 = Debug|Any CPU
		{DD972064-9A1F-4789-B7A5-902C00ED5CBB}.Release|Any CPU.ActiveCfg = Release|Any CPU
		{DD972064-9A1F-4789-B7A5-902C00ED5CBB}.Release|Any CPU.Build.0 = Release|Any CPU
	EndGlobalSection
	GlobalSection(SolutionProperties) = preSolution
		HideSolutionNode = FALSE
	EndGlobalSection
	GlobalSection(NestedProjects) = preSolution
		{87EC3656-4981-449B-A7F1-B3F6F0463521} = {CCD6DF4A-9E1B-4F19-BC67-E148CAACC765}
		{19D2C319-F3AB-4D2C-AB8D-9C573BEE1477} = {F2DB4EC0-34CB-4ED7-80D1-7FAF90715552}
		{9F16483C-3CF1-4EFF-A384-727D95A5C5BC} = {93297B79-7A16-4EB2-9D8E-101D835D4731}
		{786A8514-18FF-4814-9C65-5CD52B7C98A8} = {93297B79-7A16-4EB2-9D8E-101D835D4731}
		{9694EF6C-7A51-4512-BEA2-90A78A4DC61C} = {3A111939-284F-4600-A946-15BCDB48C359}
		{B9349951-EEC1-4438-BAFC-F4B7E4607FF9} = {93297B79-7A16-4EB2-9D8E-101D835D4731}
		{ED4E5AEF-4D52-4E5F-B9F8-AA92A33F6B90} = {93297B79-7A16-4EB2-9D8E-101D835D4731}
		{1DF6324F-9EDB-4962-AC39-A6F4F7218DAB} = {93297B79-7A16-4EB2-9D8E-101D835D4731}
		{00672808-F8C7-4282-999A-2D9008D5C3B6} = {949E345B-CBE2-4A1F-BBDB-79089B1416DB}
		{1B039D3A-C3EB-4241-ADE0-1E5E89FF38A9} = {949E345B-CBE2-4A1F-BBDB-79089B1416DB}
		{D460FFB3-F3E2-44F0-A4FB-78B3C0F6BC92} = {F2DB4EC0-34CB-4ED7-80D1-7FAF90715552}
		{0B5127B5-0A15-4220-B75F-641A93968363} = {93297B79-7A16-4EB2-9D8E-101D835D4731}
		{3DC4C845-3872-43C6-A3AE-5ACE8A423B8D} = {93297B79-7A16-4EB2-9D8E-101D835D4731}
		{DD972064-9A1F-4789-B7A5-902C00ED5CBB} = {93297B79-7A16-4EB2-9D8E-101D835D4731}
	EndGlobalSection
EndGlobal
